
Microsoft Visual Studio Solution File, Format Version 12.00
# Visual Studio Version 17
VisualStudioVersion = 17.0.31903.59
MinimumVisualStudioVersion = 10.0.40219.1
Project("{FAE04EC0-301F-11D3-BF4B-00C04F79EFBC}") = "Schedulr.Console", "Schedulr.Console\Schedulr.Console.csproj", "{795A5704-0945-41BB-98BB-71518F8BD7F7}"
EndProject
Project("{FAE04EC0-301F-11D3-BF4B-00C04F79EFBC}") = "Schedulr.Console.Tests", "Schedulr.Console.Tests\Schedulr.Console.Tests.csproj", "{18AD99DB-1E49-430C-8A81-54FB90145A4B}"
EndProject
Global
	GlobalSection(SolutionConfigurationPlatforms) = preSolution
		Debug|Any CPU = Debug|Any CPU
		Release|Any CPU = Release|Any CPU
	EndGlobalSection
	GlobalSection(SolutionProperties) = preSolution
		HideSolutionNode = FALSE
	EndGlobalSection
	GlobalSection(ProjectConfigurationPlatforms) = postSolution
		{795A5704-0945-41BB-98BB-71518F8BD7F7}.Debug|Any CPU.ActiveCfg = Debug|Any CPU
		{795A5704-0945-41BB-98BB-71518F8BD7F7}.Debug|Any CPU.Build.0 = Debug|Any CPU
		{795A5704-0945-41BB-98BB-71518F8BD7F7}.Release|Any CPU.ActiveCfg = Release|Any CPU
		{795A5704-0945-41BB-98BB-71518F8BD7F7}.Release|Any CPU.Build.0 = Release|Any CPU
		{18AD99DB-1E49-430C-8A81-54FB90145A4B}.Debug|Any CPU.ActiveCfg = Debug|Any CPU
		{18AD99DB-1E49-430C-8A81-54FB90145A4B}.Debug|Any CPU.Build.0 = Debug|Any CPU
		{18AD99DB-1E49-430C-8A81-54FB90145A4B}.Release|Any CPU.ActiveCfg = Release|Any CPU
		{18AD99DB-1E49-430C-8A81-54FB90145A4B}.Release|Any CPU.Build.0 = Release|Any CPU
	EndGlobalSection
EndGlobal
